// !$*UTF8*$!
{
	archiveVersion = 1;
	classes = {
	};
	objectVersion = 77;
	objects = {

/* Begin PBXBuildFile section */
		1AD9F8012534B59C68650CDE /* Components.swift in Sources */ = {isa = PBXBuildFile; fileRef = 64C68E5145657D1A0EC58B70 /* Components.swift */; };
		3680D6340D72286E6904E74C /* SettingsView.swift in Sources */ = {isa = PBXBuildFile; fileRef = E88565D23370D8295E750498 /* SettingsView.swift */; };
		3746FEF5251A06CD71240E17 /* HardwareViews.swift in Sources */ = {isa = PBXBuildFile; fileRef = DEB37D00E8E6C63EDCBA0940 /* HardwareViews.swift */; };
		39A1629E035D4DC50107CB00 /* MetricsView.swift in Sources */ = {isa = PBXBuildFile; fileRef = FE7ADEB3B721444944A920D2 /* MetricsView.swift */; };
		3D417C99B838F587D79DD997 /* Models.swift in Sources */ = {isa = PBXBuildFile; fileRef = 12ED9B03ACC82DCB87E5E612 /* Models.swift */; };
		4897D1448764678EAFD9BCB0 /* JobTools.swift in Sources */ = {isa = PBXBuildFile; fileRef = 1165893FCFC31722B9B86AF9 /* JobTools.swift */; };
		4B93D7D9EC1F7D3BD87270A9 /* PairServerView.swift in Sources */ = {isa = PBXBuildFile; fileRef = 47D39369AE74949E77AAD1DE /* PairServerView.swift */; };
		4C6F1A48282540139C9F1178 /* Keychain.swift in Sources */ = {isa = PBXBuildFile; fileRef = 6A49B9E195CB923496CBF48A /* Keychain.swift */; };
		660BC5708D48BF159565255D /* Theme.swift in Sources */ = {isa = PBXBuildFile; fileRef = 7286FD365DB2A6747BB6C555 /* Theme.swift */; };
		79F86D2321113E6F23576720 /* Localization.swift in Sources */ = {isa = PBXBuildFile; fileRef = 1BEBA93D60FF2F4AC7D04682 /* Localization.swift */; };
		8555F21616946E4469B8BB97 /* APIClient.swift in Sources */ = {isa = PBXBuildFile; fileRef = 918AEFB14AC3982831D3E0CA /* APIClient.swift */; };
		952B268609CB9DF335BC1C7B /* Charts.swift in Sources */ = {isa = PBXBuildFile; fileRef = F478292ABDBDA21F4F68B200 /* Charts.swift */; };
		9E7B8FC38FD2BDFBC73B8EB9 /* Enrollment.swift in Sources */ = {isa = PBXBuildFile; fileRef = 008A4DDCA8470A143A503AD3 /* Enrollment.swift */; };
		A4D7B5319DC5853D09F50C87 /* ToolsView.swift in Sources */ = {isa = PBXBuildFile; fileRef = AA42A60673FBAE9F5981024C /* ToolsView.swift */; };
		A76BA6DBF0703450484442D2 /* Formatters.swift in Sources */ = {isa = PBXBuildFile; fileRef = 03D29F33FAFCE19641E7A794 /* Formatters.swift */; };
		AE1B1AC17D2C1FF3E3AC91B3 /* ServerListView.swift in Sources */ = {isa = PBXBuildFile; fileRef = 863F669A80FF8A7C79E16C89 /* ServerListView.swift */; };
		B03866CF6674FC5ECDD8CAC3 /* Server.swift in Sources */ = {isa = PBXBuildFile; fileRef = 17B06C1A45843AE91C7EE3CF /* Server.swift */; };
		B07D6A6BEC1E86C2B5EFACE7 /* NodeStatusApp.swift in Sources */ = {isa = PBXBuildFile; fileRef = 0777DB8D41BD22DE403091A0 /* NodeStatusApp.swift */; };
		C730580DA5269A457A3E86AF /* AppState.swift in Sources */ = {isa = PBXBuildFile; fileRef = E025EBB5AB37860EBB520F2F /* AppState.swift */; };
		C91BE576CB311AE4F9C1A515 /* LogAnalyzerView.swift in Sources */ = {isa = PBXBuildFile; fileRef = 641111BC9FF8C15F2616106D /* LogAnalyzerView.swift */; };
		C961DEB4F10F2509A960CF52 /* ScreenshotTests.swift in Sources */ = {isa = PBXBuildFile; fileRef = 3EF148078F8E28DB9B07E612 /* ScreenshotTests.swift */; };
		E9F27F4F9E2FDD85A78D52AE /* Identity.swift in Sources */ = {isa = PBXBuildFile; fileRef = AD2AE31DDD441FB4A90AA347 /* Identity.swift */; };
		EA7D3462BA5047C6B428380E /* AsyncLoad.swift in Sources */ = {isa = PBXBuildFile; fileRef = EED9B9C39F8B0793126241B0 /* AsyncLoad.swift */; };
/* End PBXBuildFile section */

/* Begin PBXContainerItemProxy section */
		4D1811C36B3EB6F30C0312E8 /* PBXContainerItemProxy */ = {
			isa = PBXContainerItemProxy;
			containerPortal = 7D7DD305651B59B2AD6514D0 /* Project object */;
			proxyType = 1;
			remoteGlobalIDString = 9FE67457BB45B2DDA9F3A24C;
			remoteInfo = NodeStatus;
		};
/* End PBXContainerItemProxy section */

/* Begin PBXFileReference section */
		008A4DDCA8470A143A503AD3 /* Enrollment.swift */ = {isa = PBXFileReference; lastKnownFileType = sourcecode.swift; path = Enrollment.swift; sourceTree = "<group>"; };
		03D29F33FAFCE19641E7A794 /* Formatters.swift */ = {isa = PBXFileReference; lastKnownFileType = sourcecode.swift; path = Formatters.swift; sourceTree = "<group>"; };
		0777DB8D41BD22DE403091A0 /* NodeStatusApp.swift */ = {isa = PBXFileReference; lastKnownFileType = sourcecode.swift; path = NodeStatusApp.swift; sourceTree = "<group>"; };
		1165893FCFC31722B9B86AF9 /* JobTools.swift */ = {isa = PBXFileReference; lastKnownFileType = sourcecode.swift; path = JobTools.swift; sourceTree = "<group>"; };
		12ED9B03ACC82DCB87E5E612 /* Models.swift */ = {isa = PBXFileReference; lastKnownFileType = sourcecode.swift; path = Models.swift; sourceTree = "<group>"; };
		17B06C1A45843AE91C7EE3CF /* Server.swift */ = {isa = PBXFileReference; lastKnownFileType = sourcecode.swift; path = Server.swift; sourceTree = "<group>"; };
		1BEBA93D60FF2F4AC7D04682 /* Localization.swift */ = {isa = PBXFileReference; lastKnownFileType = sourcecode.swift; path = Localization.swift; sourceTree = "<group>"; };
		3EF148078F8E28DB9B07E612 /* ScreenshotTests.swift */ = {isa = PBXFileReference; lastKnownFileType = sourcecode.swift; path = ScreenshotTests.swift; sourceTree = "<group>"; };
		47D39369AE74949E77AAD1DE /* PairServerView.swift */ = {isa = PBXFileReference; lastKnownFileType = sourcecode.swift; path = PairServerView.swift; sourceTree = "<group>"; };
		641111BC9FF8C15F2616106D /* LogAnalyzerView.swift */ = {isa = PBXFileReference; lastKnownFileType = sourcecode.swift; path = LogAnalyzerView.swift; sourceTree = "<group>"; };
		64C68E5145657D1A0EC58B70 /* Components.swift */ = {isa = PBXFileReference; lastKnownFileType = sourcecode.swift; path = Components.swift; sourceTree = "<group>"; };
		6A49B9E195CB923496CBF48A /* Keychain.swift */ = {isa = PBXFileReference; lastKnownFileType = sourcecode.swift; path = Keychain.swift; sourceTree = "<group>"; };
		7286FD365DB2A6747BB6C555 /* Theme.swift */ = {isa = PBXFileReference; lastKnownFileType = sourcecode.swift; path = Theme.swift; sourceTree = "<group>"; };
		863F669A80FF8A7C79E16C89 /* ServerListView.swift */ = {isa = PBXFileReference; lastKnownFileType = sourcecode.swift; path = ServerListView.swift; sourceTree = "<group>"; };
		918AEFB14AC3982831D3E0CA /* APIClient.swift */ = {isa = PBXFileReference; lastKnownFileType = sourcecode.swift; path = APIClient.swift; sourceTree = "<group>"; };
		AA42A60673FBAE9F5981024C /* ToolsView.swift */ = {isa = PBXFileReference; lastKnownFileType = sourcecode.swift; path = ToolsView.swift; sourceTree = "<group>"; };
		AD2AE31DDD441FB4A90AA347 /* Identity.swift */ = {isa = PBXFileReference; lastKnownFileType = sourcecode.swift; path = Identity.swift; sourceTree = "<group>"; };
		B6DD7F68ADC5400A5FC4029D /* NodeStatusUITests.xctest */ = {isa = PBXFileReference; includeInIndex = 0; lastKnownFileType = wrapper.cfbundle; path = NodeStatusUITests.xctest; sourceTree = BUILT_PRODUCTS_DIR; };
		C5879F50CF9A0BF5CACD23BF /* Info.plist */ = {isa = PBXFileReference; lastKnownFileType = text.plist; path = Info.plist; sourceTree = "<group>"; };
		D3243B0F7A4A88F9211C2CEA /* NodeStatus.app */ = {isa = PBXFileReference; includeInIndex = 0; lastKnownFileType = wrapper.application; path = NodeStatus.app; sourceTree = BUILT_PRODUCTS_DIR; };
		DEB37D00E8E6C63EDCBA0940 /* HardwareViews.swift */ = {isa = PBXFileReference; lastKnownFileType = sourcecode.swift; path = HardwareViews.swift; sourceTree = "<group>"; };
		E025EBB5AB37860EBB520F2F /* AppState.swift */ = {isa = PBXFileReference; lastKnownFileType = sourcecode.swift; path = AppState.swift; sourceTree = "<group>"; };
		E88565D23370D8295E750498 /* SettingsView.swift */ = {isa = PBXFileReference; lastKnownFileType = sourcecode.swift; path = SettingsView.swift; sourceTree = "<group>"; };
		EED9B9C39F8B0793126241B0 /* AsyncLoad.swift */ = {isa = PBXFileReference; lastKnownFileType = sourcecode.swift; path = AsyncLoad.swift; sourceTree = "<group>"; };
		F478292ABDBDA21F4F68B200 /* Charts.swift */ = {isa = PBXFileReference; lastKnownFileType = sourcecode.swift; path = Charts.swift; sourceTree = "<group>"; };
		FE7ADEB3B721444944A920D2 /* MetricsView.swift */ = {isa = PBXFileReference; lastKnownFileType = sourcecode.swift; path = MetricsView.swift; sourceTree = "<group>"; };
/* End PBXFileReference section */

/* Begin PBXGroup section */
		1A3E9BADCD652B7DC21071D6 /* Resources */ = {
			isa = PBXGroup;
			children = (
				C5879F50CF9A0BF5CACD23BF /* Info.plist */,
			);
			path = Resources;
			sourceTree = "<group>";
		};
		39C03D44C984B32F43F56451 = {
			isa = PBXGroup;
			children = (
				F9856CC25C6291CC7F98FF2E /* NodeStatus */,
				CE782215CB72D855F429437C /* NodeStatusUITests */,
				9EDDDFBDF46788CA10844AF8 /* Products */,
			);
			sourceTree = "<group>";
		};
		9EDDDFBDF46788CA10844AF8 /* Products */ = {
			isa = PBXGroup;
			children = (
				D3243B0F7A4A88F9211C2CEA /* NodeStatus.app */,
				B6DD7F68ADC5400A5FC4029D /* NodeStatusUITests.xctest */,
			);
			name = Products;
			sourceTree = "<group>";
		};
		BACC79C1F4C6B267DAC7BA57 /* DesignSystem */ = {
			isa = PBXGroup;
			children = (
				F478292ABDBDA21F4F68B200 /* Charts.swift */,
				64C68E5145657D1A0EC58B70 /* Components.swift */,
				7286FD365DB2A6747BB6C555 /* Theme.swift */,
			);
			path = DesignSystem;
			sourceTree = "<group>";
		};
		C3290F186C43F3CF3761B9F8 /* Features */ = {
			isa = PBXGroup;
			children = (
				EED9B9C39F8B0793126241B0 /* AsyncLoad.swift */,
				DEB37D00E8E6C63EDCBA0940 /* HardwareViews.swift */,
				1165893FCFC31722B9B86AF9 /* JobTools.swift */,
				641111BC9FF8C15F2616106D /* LogAnalyzerView.swift */,
				FE7ADEB3B721444944A920D2 /* MetricsView.swift */,
				47D39369AE74949E77AAD1DE /* PairServerView.swift */,
				863F669A80FF8A7C79E16C89 /* ServerListView.swift */,
				E88565D23370D8295E750498 /* SettingsView.swift */,
				AA42A60673FBAE9F5981024C /* ToolsView.swift */,
			);
			path = Features;
			sourceTree = "<group>";
		};
		CE782215CB72D855F429437C /* NodeStatusUITests */ = {
			isa = PBXGroup;
			children = (
				3EF148078F8E28DB9B07E612 /* ScreenshotTests.swift */,
			);
			path = NodeStatusUITests;
			sourceTree = "<group>";
		};
		D8A54039FAA788E78360C8A2 /* Core */ = {
			isa = PBXGroup;
			children = (
				918AEFB14AC3982831D3E0CA /* APIClient.swift */,
				E025EBB5AB37860EBB520F2F /* AppState.swift */,
				008A4DDCA8470A143A503AD3 /* Enrollment.swift */,
				03D29F33FAFCE19641E7A794 /* Formatters.swift */,
				AD2AE31DDD441FB4A90AA347 /* Identity.swift */,
				6A49B9E195CB923496CBF48A /* Keychain.swift */,
				1BEBA93D60FF2F4AC7D04682 /* Localization.swift */,
				12ED9B03ACC82DCB87E5E612 /* Models.swift */,
				17B06C1A45843AE91C7EE3CF /* Server.swift */,
			);
			path = Core;
			sourceTree = "<group>";
		};
		F9856CC25C6291CC7F98FF2E /* NodeStatus */ = {
			isa = PBXGroup;
			children = (
				0777DB8D41BD22DE403091A0 /* NodeStatusApp.swift */,
				D8A54039FAA788E78360C8A2 /* Core */,
				BACC79C1F4C6B267DAC7BA57 /* DesignSystem */,
				C3290F186C43F3CF3761B9F8 /* Features */,
				1A3E9BADCD652B7DC21071D6 /* Resources */,
			);
			path = NodeStatus;
			sourceTree = "<group>";
		};
/* End PBXGroup section */

/* Begin PBXNativeTarget section */
		9FE67457BB45B2DDA9F3A24C /* NodeStatus */ = {
			isa = PBXNativeTarget;
			buildConfigurationList = A31F6CCEB944557CE371B939 /* Build configuration list for PBXNativeTarget "NodeStatus" */;
			buildPhases = (
				E6FD8ADDCC03E22133E52005 /* Sources */,
			);
			buildRules = (
			);
			dependencies = (
			);
			name = NodeStatus;
			packageProductDependencies = (
			);
			productName = NodeStatus;
			productReference = D3243B0F7A4A88F9211C2CEA /* NodeStatus.app */;
			productType = "com.apple.product-type.application";
		};
		DDE90CA00958563FD553D9F2 /* NodeStatusUITests */ = {
			isa = PBXNativeTarget;
			buildConfigurationList = 1747CA41C1993BBFAC6D4B7E /* Build configuration list for PBXNativeTarget "NodeStatusUITests" */;
			buildPhases = (
				057FB7FC437239297D53CD48 /* Sources */,
			);
			buildRules = (
			);
			dependencies = (
				BA55A0251E9CA9178B635E23 /* PBXTargetDependency */,
			);
			name = NodeStatusUITests;
			packageProductDependencies = (
			);
			productName = NodeStatusUITests;
			productReference = B6DD7F68ADC5400A5FC4029D /* NodeStatusUITests.xctest */;
			productType = "com.apple.product-type.bundle.ui-testing";
		};
/* End PBXNativeTarget section */

/* Begin PBXProject section */
		7D7DD305651B59B2AD6514D0 /* Project object */ = {
			isa = PBXProject;
			attributes = {
				BuildIndependentTargetsInParallel = YES;
				LastUpgradeCheck = 1430;
				TargetAttributes = {
					9FE67457BB45B2DDA9F3A24C = {
						DevelopmentTeam = 43965PQW3Z;
						ProvisioningStyle = Automatic;
					};
					DDE90CA00958563FD553D9F2 = {
						DevelopmentTeam = 43965PQW3Z;
						ProvisioningStyle = Automatic;
						TestTargetID = 9FE67457BB45B2DDA9F3A24C;
					};
				};
			};
			buildConfigurationList = 60869882FC02F82CDB9026A5 /* Build configuration list for PBXProject "NodeStatus" */;
			developmentRegion = en;
			hasScannedForEncodings = 0;
			knownRegions = (
				Base,
				en,
			);
			mainGroup = 39C03D44C984B32F43F56451;
			minimizedProjectReferenceProxies = 1;
			preferredProjectObjectVersion = 77;
			productRefGroup = 9EDDDFBDF46788CA10844AF8 /* Products */;
			projectDirPath = "";
			projectRoot = "";
			targets = (
				9FE67457BB45B2DDA9F3A24C /* NodeStatus */,
				DDE90CA00958563FD553D9F2 /* NodeStatusUITests */,
			);
		};
/* End PBXProject section */

/* Begin PBXSourcesBuildPhase section */
		057FB7FC437239297D53CD48 /* Sources */ = {
			isa = PBXSourcesBuildPhase;
			buildActionMask = 2147483647;
			files = (
				C961DEB4F10F2509A960CF52 /* ScreenshotTests.swift in Sources */,
			);
			runOnlyForDeploymentPostprocessing = 0;
		};
		E6FD8ADDCC03E22133E52005 /* Sources */ = {
			isa = PBXSourcesBuildPhase;
			buildActionMask = 2147483647;
			files = (
				8555F21616946E4469B8BB97 /* APIClient.swift in Sources */,
				C730580DA5269A457A3E86AF /* AppState.swift in Sources */,
				EA7D3462BA5047C6B428380E /* AsyncLoad.swift in Sources */,
				952B268609CB9DF335BC1C7B /* Charts.swift in Sources */,
				1AD9F8012534B59C68650CDE /* Components.swift in Sources */,
				9E7B8FC38FD2BDFBC73B8EB9 /* Enrollment.swift in Sources */,
				A76BA6DBF0703450484442D2 /* Formatters.swift in Sources */,
				3746FEF5251A06CD71240E17 /* HardwareViews.swift in Sources */,
				E9F27F4F9E2FDD85A78D52AE /* Identity.swift in Sources */,
				4897D1448764678EAFD9BCB0 /* JobTools.swift in Sources */,
				4C6F1A48282540139C9F1178 /* Keychain.swift in Sources */,
				79F86D2321113E6F23576720 /* Localization.swift in Sources */,
				C91BE576CB311AE4F9C1A515 /* LogAnalyzerView.swift in Sources */,
				39A1629E035D4DC50107CB00 /* MetricsView.swift in Sources */,
				3D417C99B838F587D79DD997 /* Models.swift in Sources */,
				B07D6A6BEC1E86C2B5EFACE7 /* NodeStatusApp.swift in Sources */,
				4B93D7D9EC1F7D3BD87270A9 /* PairServerView.swift in Sources */,
				B03866CF6674FC5ECDD8CAC3 /* Server.swift in Sources */,
				AE1B1AC17D2C1FF3E3AC91B3 /* ServerListView.swift in Sources */,
				3680D6340D72286E6904E74C /* SettingsView.swift in Sources */,
				660BC5708D48BF159565255D /* Theme.swift in Sources */,
				A4D7B5319DC5853D09F50C87 /* ToolsView.swift in Sources */,
			);
			runOnlyForDeploymentPostprocessing = 0;
		};
/* End PBXSourcesBuildPhase section */

/* Begin PBXTargetDependency section */
		BA55A0251E9CA9178B635E23 /* PBXTargetDependency */ = {
			isa = PBXTargetDependency;
			target = 9FE67457BB45B2DDA9F3A24C /* NodeStatus */;
			targetProxy = 4D1811C36B3EB6F30C0312E8 /* PBXContainerItemProxy */;
		};
/* End PBXTargetDependency section */

/* Begin XCBuildConfiguration section */
		355C856E7DA562B6618A9CE2 /* Release */ = {
			isa = XCBuildConfiguration;
			buildSettings = {
				BUNDLE_LOADER = "$(TEST_HOST)";
				GENERATE_INFOPLIST_FILE = YES;
				LD_RUNPATH_SEARCH_PATHS = (
					"$(inherited)",
					"@executable_path/Frameworks",
					"@loader_path/Frameworks",
				);
				PRODUCT_BUNDLE_IDENTIFIER = nl.merlinstoll.nodestatus.uitests;
				SDKROOT = iphoneos;
				TARGETED_DEVICE_FAMILY = "1,2";
				TEST_TARGET_NAME = NodeStatus;
			};
			name = Release;
		};
		3DC3FA2AC679B8E6025F6CBF /* Release */ = {
			isa = XCBuildConfiguration;
			buildSettings = {
				ASSETCATALOG_COMPILER_APPICON_NAME = AppIcon;
				CODE_SIGN_IDENTITY = "iPhone Developer";
				ENABLE_USER_SCRIPT_SANDBOXING = YES;
				INFOPLIST_FILE = NodeStatus/Resources/Info.plist;
				LD_RUNPATH_SEARCH_PATHS = (
					"$(inherited)",
					"@executable_path/Frameworks",
				);
				PRODUCT_BUNDLE_IDENTIFIER = nl.merlinstoll.nodestatus;
				PRODUCT_NAME = "Node Status";
				SDKROOT = iphoneos;
				SUPPORTS_MACCATALYST = NO;
				SWIFT_STRICT_CONCURRENCY = complete;
				TARGETED_DEVICE_FAMILY = "1,2";
			};
			name = Release;
		};
		585D1F74767694A4C3B5E3F6 /* Release */ = {
			isa = XCBuildConfiguration;
			buildSettings = {
				ALWAYS_SEARCH_USER_PATHS = NO;
				CLANG_ANALYZER_NONNULL = YES;
				CLANG_ANALYZER_NUMBER_OBJECT_CONVERSION = YES_AGGRESSIVE;
				CLANG_CXX_LANGUAGE_STANDARD = "gnu++14";
				CLANG_CXX_LIBRARY = "libc++";
				CLANG_ENABLE_MODULES = YES;
				CLANG_ENABLE_OBJC_ARC = YES;
				CLANG_ENABLE_OBJC_WEAK = YES;
				CLANG_WARN_BLOCK_CAPTURE_AUTORELEASING = YES;
				CLANG_WARN_BOOL_CONVERSION = YES;
				CLANG_WARN_COMMA = YES;
				CLANG_WARN_CONSTANT_CONVERSION = YES;
				CLANG_WARN_DEPRECATED_OBJC_IMPLEMENTATIONS = YES;
				CLANG_WARN_DIRECT_OBJC_ISA_USAGE = YES_ERROR;
				CLANG_WARN_DOCUMENTATION_COMMENTS = YES;
				CLANG_WARN_EMPTY_BODY = YES;
				CLANG_WARN_ENUM_CONVERSION = YES;
				CLANG_WARN_INFINITE_RECURSION = YES;
				CLANG_WARN_INT_CONVERSION = YES;
				CLANG_WARN_NON_LITERAL_NULL_CONVERSION = YES;
				CLANG_WARN_OBJC_IMPLICIT_RETAIN_SELF = YES;
				CLANG_WARN_OBJC_LITERAL_CONVERSION = YES;
				CLANG_WARN_OBJC_ROOT_CLASS = YES_ERROR;
				CLANG_WARN_QUOTED_INCLUDE_IN_FRAMEWORK_HEADER = YES;
				CLANG_WARN_RANGE_LOOP_ANALYSIS = YES;
				CLANG_WARN_STRICT_PROTOTYPES = YES;
				CLANG_WARN_SUSPICIOUS_MOVE = YES;
				CLANG_WARN_UNGUARDED_AVAILABILITY = YES_AGGRESSIVE;
				CLANG_WARN_UNREACHABLE_CODE = YES;
				CLANG_WARN__DUPLICATE_METHOD_MATCH = YES;
				CODE_SIGN_STYLE = Automatic;
				COPY_PHASE_STRIP = NO;
				CURRENT_PROJECT_VERSION = 1;
				DEBUG_INFORMATION_FORMAT = "dwarf-with-dsym";
				DEVELOPMENT_TEAM = 43965PQW3Z;
				ENABLE_NS_ASSERTIONS = NO;
				ENABLE_STRICT_OBJC_MSGSEND = YES;
				GCC_C_LANGUAGE_STANDARD = gnu11;
				GCC_NO_COMMON_BLOCKS = YES;
				GCC_WARN_64_TO_32_BIT_CONVERSION = YES;
				GCC_WARN_ABOUT_RETURN_TYPE = YES_ERROR;
				GCC_WARN_UNDECLARED_SELECTOR = YES;
				GCC_WARN_UNINITIALIZED_AUTOS = YES_AGGRESSIVE;
				GCC_WARN_UNUSED_FUNCTION = YES;
				GCC_WARN_UNUSED_VARIABLE = YES;
				IPHONEOS_DEPLOYMENT_TARGET = 26.0;
				MARKETING_VERSION = 0.1.0;
				MTL_ENABLE_DEBUG_INFO = NO;
				MTL_FAST_MATH = YES;
				PRODUCT_NAME = "$(TARGET_NAME)";
				SDKROOT = iphoneos;
				SWIFT_COMPILATION_MODE = wholemodule;
				SWIFT_OPTIMIZATION_LEVEL = "-O";
				SWIFT_VERSION = 6.0;
			};
			name = Release;
		};
		630DFDC8B773396CD62239F5 /* Debug */ = {
			isa = XCBuildConfiguration;
			buildSettings = {
				ALWAYS_SEARCH_USER_PATHS = NO;
				CLANG_ANALYZER_NONNULL = YES;
				CLANG_ANALYZER_NUMBER_OBJECT_CONVERSION = YES_AGGRESSIVE;
				CLANG_CXX_LANGUAGE_STANDARD = "gnu++14";
				CLANG_CXX_LIBRARY = "libc++";
				CLANG_ENABLE_MODULES = YES;
				CLANG_ENABLE_OBJC_ARC = YES;
				CLANG_ENABLE_OBJC_WEAK = YES;
				CLANG_WARN_BLOCK_CAPTURE_AUTORELEASING = YES;
				CLANG_WARN_BOOL_CONVERSION = YES;
				CLANG_WARN_COMMA = YES;
				CLANG_WARN_CONSTANT_CONVERSION = YES;
				CLANG_WARN_DEPRECATED_OBJC_IMPLEMENTATIONS = YES;
				CLANG_WARN_DIRECT_OBJC_ISA_USAGE = YES_ERROR;
				CLANG_WARN_DOCUMENTATION_COMMENTS = YES;
				CLANG_WARN_EMPTY_BODY = YES;
				CLANG_WARN_ENUM_CONVERSION = YES;
				CLANG_WARN_INFINITE_RECURSION = YES;
				CLANG_WARN_INT_CONVERSION = YES;
				CLANG_WARN_NON_LITERAL_NULL_CONVERSION = YES;
				CLANG_WARN_OBJC_IMPLICIT_RETAIN_SELF = YES;
				CLANG_WARN_OBJC_LITERAL_CONVERSION = YES;
				CLANG_WARN_OBJC_ROOT_CLASS = YES_ERROR;
				CLANG_WARN_QUOTED_INCLUDE_IN_FRAMEWORK_HEADER = YES;
				CLANG_WARN_RANGE_LOOP_ANALYSIS = YES;
				CLANG_WARN_STRICT_PROTOTYPES = YES;
				CLANG_WARN_SUSPICIOUS_MOVE = YES;
				CLANG_WARN_UNGUARDED_AVAILABILITY = YES_AGGRESSIVE;
				CLANG_WARN_UNREACHABLE_CODE = YES;
				CLANG_WARN__DUPLICATE_METHOD_MATCH = YES;
				CODE_SIGN_STYLE = Automatic;
				COPY_PHASE_STRIP = NO;
				CURRENT_PROJECT_VERSION = 1;
				DEBUG_INFORMATION_FORMAT = dwarf;
				DEVELOPMENT_TEAM = 43965PQW3Z;
				ENABLE_STRICT_OBJC_MSGSEND = YES;
				ENABLE_TESTABILITY = YES;
				GCC_C_LANGUAGE_STANDARD = gnu11;
				GCC_DYNAMIC_NO_PIC = NO;
				GCC_NO_COMMON_BLOCKS = YES;
				GCC_OPTIMIZATION_LEVEL = 0;
				GCC_PREPROCESSOR_DEFINITIONS = (
					"$(inherited)",
					"DEBUG=1",
				);
				GCC_WARN_64_TO_32_BIT_CONVERSION = YES;
				GCC_WARN_ABOUT_RETURN_TYPE = YES_ERROR;
				GCC_WARN_UNDECLARED_SELECTOR = YES;
				GCC_WARN_UNINITIALIZED_AUTOS = YES_AGGRESSIVE;
				GCC_WARN_UNUSED_FUNCTION = YES;
				GCC_WARN_UNUSED_VARIABLE = YES;
				IPHONEOS_DEPLOYMENT_TARGET = 26.0;
				MARKETING_VERSION = 0.1.0;
				MTL_ENABLE_DEBUG_INFO = INCLUDE_SOURCE;
				MTL_FAST_MATH = YES;
				ONLY_ACTIVE_ARCH = YES;
				PRODUCT_NAME = "$(TARGET_NAME)";
				SDKROOT = iphoneos;
				SWIFT_ACTIVE_COMPILATION_CONDITIONS = DEBUG;
				SWIFT_OPTIMIZATION_LEVEL = "-Onone";
				SWIFT_VERSION = 6.0;
			};
			name = Debug;
		};
		96E1C34D8F2FD66C524F961B /* Debug */ = {
			isa = XCBuildConfiguration;
			buildSettings = {
				BUNDLE_LOADER = "$(TEST_HOST)";
				GENERATE_INFOPLIST_FILE = YES;
				LD_RUNPATH_SEARCH_PATHS = (
					"$(inherited)",
					"@executable_path/Frameworks",
					"@loader_path/Frameworks",
				);
				PRODUCT_BUNDLE_IDENTIFIER = nl.merlinstoll.nodestatus.uitests;
				SDKROOT = iphoneos;
				TARGETED_DEVICE_FAMILY = "1,2";
				TEST_TARGET_NAME = NodeStatus;
			};
			name = Debug;
		};
		AF85D1A117AAB66C079C0FCD /* Debug */ = {
			isa = XCBuildConfiguration;
			buildSettings = {
				ASSETCATALOG_COMPILER_APPICON_NAME = AppIcon;
				CODE_SIGN_IDENTITY = "iPhone Developer";
				ENABLE_USER_SCRIPT_SANDBOXING = YES;
				INFOPLIST_FILE = NodeStatus/Resources/Info.plist;
				LD_RUNPATH_SEARCH_PATHS = (
					"$(inherited)",
					"@executable_path/Frameworks",
				);
				PRODUCT_BUNDLE_IDENTIFIER = nl.merlinstoll.nodestatus;
				PRODUCT_NAME = "Node Status";
				SDKROOT = iphoneos;
				SUPPORTS_MACCATALYST = NO;
				SWIFT_STRICT_CONCURRENCY = complete;
				TARGETED_DEVICE_FAMILY = "1,2";
			};
			name = Debug;
		};
/* End XCBuildConfiguration section */

/* Begin XCConfigurationList section */
		1747CA41C1993BBFAC6D4B7E /* Build configuration list for PBXNativeTarget "NodeStatusUITests" */ = {
			isa = XCConfigurationList;
			buildConfigurations = (
				96E1C34D8F2FD66C524F961B /* Debug */,
				355C856E7DA562B6618A9CE2 /* Release */,
			);
			defaultConfigurationIsVisible = 0;
			defaultConfigurationName = Debug;
		};
		60869882FC02F82CDB9026A5 /* Build configuration list for PBXProject "NodeStatus" */ = {
			isa = XCConfigurationList;
			buildConfigurations = (
				630DFDC8B773396CD62239F5 /* Debug */,
				585D1F74767694A4C3B5E3F6 /* Release */,
			);
			defaultConfigurationIsVisible = 0;
			defaultConfigurationName = Debug;
		};
		A31F6CCEB944557CE371B939 /* Build configuration list for PBXNativeTarget "NodeStatus" */ = {
			isa = XCConfigurationList;
			buildConfigurations = (
				AF85D1A117AAB66C079C0FCD /* Debug */,
				3DC3FA2AC679B8E6025F6CBF /* Release */,
			);
			defaultConfigurationIsVisible = 0;
			defaultConfigurationName = Debug;
		};
/* End XCConfigurationList section */
	};
	rootObject = 7D7DD305651B59B2AD6514D0 /* Project object */;
}
